
Microsoft Visual Studio Solution File, Format Version 12.00
# Visual Studio Version 17
VisualStudioVersion = 17.4.33403.182
MinimumVisualStudioVersion = 10.0.40219.1
Project("{FAE04EC0-301F-11D3-BF4B-00C04F79EFBC}") = "ApiLayer", "APiLayerApp\ApiLayer.csproj", "{49E5335A-5C38-4840-9F97-ECEE2B738A33}"
EndProject
Project("{FAE04EC0-301F-11D3-BF4B-00C04F79EFBC}") = "BLL", "BLL\BLL.csproj", "{9369525B-A451-4216-8B57-DBFF7CF8D97F}"
EndProject
Project("{FAE04EC0-301F-11D3-BF4B-00C04F79EFBC}") = "DAL", "DAL\DAL.csproj", "{A2EDA96D-6798-463C-B4EA-D44BD4A750EB}"
EndProject
Global
	GlobalSection(SolutionConfigurationPlatforms) = preSolution
		Debug|Any CPU = Debug|Any CPU
		Release|Any CPU = Release|Any CPU
	EndGlobalSection
	GlobalSection(ProjectConfigurationPlatforms) = postSolution
		{49E5335A-5C38-4840-9F97-ECEE2B738A33}.Debug|Any CPU.ActiveCfg = Debug|Any CPU
		{49E5335A-5C38-4840-9F97-ECEE2B738A33}.Debug|Any CPU.Build.0 = Debug|Any CPU
		{49E5335A-5C38-4840-9F97-ECEE2B738A33}.Release|Any CPU.ActiveCfg = Release|Any CPU
		{49E5335A-5C38-4840-9F97-ECEE2B738A33}.Release|Any CPU.Build.0 = Release|Any CPU
		{9369525B-A451-4216-8B57-DBFF7CF8D97F}.Debug|Any CPU.ActiveCfg = Debug|Any CPU
		{9369525B-A451-4216-8B57-DBFF7CF8D97F}.Debug|Any CPU.Build.0 = Debug|Any CPU
		{9369525B-A451-4216-8B57-DBFF7CF8D97F}.Release|Any CPU.ActiveCfg = Release|Any CPU
		{9369525B-A451-4216-8B57-DBFF7CF8D97F}.Release|Any CPU.Build.0 = Release|Any CPU
		{A2EDA96D-6798-463C-B4EA-D44BD4A750EB}.Debug|Any CPU.ActiveCfg = Debug|Any CPU
		{A2EDA96D-6798-463C-B4EA-D44BD4A750EB}.Debug|Any CPU.Build.0 = Debug|Any CPU
		{A2EDA96D-6798-463C-B4EA-D44BD4A750EB}.Release|Any CPU.ActiveCfg = Release|Any CPU
		{A2EDA96D-6798-463C-B4EA-D44BD4A750EB}.Release|Any CPU.Build.0 = Release|Any CPU
	EndGlobalSection
	GlobalSection(SolutionProperties) = preSolution
		HideSolutionNode = FALSE
	EndGlobalSection
	GlobalSection(ExtensibilityGlobals) = postSolution
		SolutionGuid = {0666E2CE-F9ED-469F-8317-7380E7FCF8C2}
	EndGlobalSection
EndGlobal
